
Microsoft Visual Studio Solution File, Format Version 12.00
# Visual Studio Version 16
VisualStudioVersion = 16.0.30128.74
MinimumVisualStudioVersion = 10.0.40219.1
Project("{FAE04EC0-301F-11D3-BF4B-00C04F79EFBC}") = "Exercicio3", "Exercicios1_2_3\Exercicio3.csproj", "{7A801008-5A24-4BF3-84BE-46EDEC94482F}"
EndProject
Project("{FAE04EC0-301F-11D3-BF4B-00C04F79EFBC}") = "Exercicio1", "Exercicio1\Exercicio1.csproj", "{5E095462-8B05-4927-A708-4906ED80ACDD}"
EndProject
Project("{FAE04EC0-301F-11D3-BF4B-00C04F79EFBC}") = "Exercicio2", "Exercicio2\Exercicio2.csproj", "{673451EC-3EB1-4CE3-9FD3-15981C16409A}"
EndProject
Global
	GlobalSection(SolutionConfigurationPlatforms) = preSolution
		Debug|Any CPU = Debug|Any CPU
		Release|Any CPU = Release|Any CPU
	EndGlobalSection
	GlobalSection(ProjectConfigurationPlatforms) = postSolution
		{7A801008-5A24-4BF3-84BE-46EDEC94482F}.Debug|Any CPU.ActiveCfg = Debug|Any CPU
		{7A801008-5A24-4BF3-84BE-46EDEC94482F}.Debug|Any CPU.Build.0 = Debug|Any CPU
		{7A801008-5A24-4BF3-84BE-46EDEC94482F}.Release|Any CPU.ActiveCfg = Release|Any CPU
		{7A801008-5A24-4BF3-84BE-46EDEC94482F}.Release|Any CPU.Build.0 = Release|Any CPU
		{5E095462-8B05-4927-A708-4906ED80ACDD}.Debug|Any CPU.ActiveCfg = Debug|Any CPU
		{5E095462-8B05-4927-A708-4906ED80ACDD}.Debug|Any CPU.Build.0 = Debug|Any CPU
		{5E095462-8B05-4927-A708-4906ED80ACDD}.Release|Any CPU.ActiveCfg = Release|Any CPU
		{5E095462-8B05-4927-A708-4906ED80ACDD}.Release|Any CPU.Build.0 = Release|Any CPU
		{673451EC-3EB1-4CE3-9FD3-15981C16409A}.Debug|Any CPU.ActiveCfg = Debug|Any CPU
		{673451EC-3EB1-4CE3-9FD3-15981C16409A}.Debug|Any CPU.Build.0 = Debug|Any CPU
		{673451EC-3EB1-4CE3-9FD3-15981C16409A}.Release|Any CPU.ActiveCfg = Release|Any CPU
		{673451EC-3EB1-4CE3-9FD3-15981C16409A}.Release|Any CPU.Build.0 = Release|Any CPU
	EndGlobalSection
	GlobalSection(SolutionProperties) = preSolution
		HideSolutionNode = FALSE
	EndGlobalSection
	GlobalSection(ExtensibilityGlobals) = postSolution
		SolutionGuid = {59659425-F3E3-4240-BAE6-9AA21E9DE1FB}
	EndGlobalSection
EndGlobal
