
Microsoft Visual Studio Solution File, Format Version 12.00
# Visual Studio Version 16
VisualStudioVersion = 16.0.30128.74
MinimumVisualStudioVersion = 10.0.40219.1
Project("{FAE04EC0-301F-11D3-BF4B-00C04F79EFBC}") = "Exercicio1Secao10", "Exercicio1Secao10\Exercicio1Secao10.csproj", "{80B7A2E8-8469-490D-AC5C-65FD232FB4BB}"
EndProject
Global
	GlobalSection(SolutionConfigurationPlatforms) = preSolution
		Debug|Any CPU = Debug|Any CPU
		Release|Any CPU = Release|Any CPU
	EndGlobalSection
	GlobalSection(ProjectConfigurationPlatforms) = postSolution
		{80B7A2E8-8469-490D-AC5C-65FD232FB4BB}.Debug|Any CPU.ActiveCfg = Debug|Any CPU
		{80B7A2E8-8469-490D-AC5C-65FD232FB4BB}.Debug|Any CPU.Build.0 = Debug|Any CPU
		{80B7A2E8-8469-490D-AC5C-65FD232FB4BB}.Release|Any CPU.ActiveCfg = Release|Any CPU
		{80B7A2E8-8469-490D-AC5C-65FD232FB4BB}.Release|Any CPU.Build.0 = Release|Any CPU
	EndGlobalSection
	GlobalSection(SolutionProperties) = preSolution
		HideSolutionNode = FALSE
	EndGlobalSection
	GlobalSection(ExtensibilityGlobals) = postSolution
		SolutionGuid = {FD9CFBEC-DC3B-4832-8387-5757FF2C34E5}
	EndGlobalSection
EndGlobal
